// !$*UTF8*$!
{
	archiveVersion = 1;
	classes = {
	};
	objectVersion = 55;
	objects = {

/* Begin PBXBuildFile section */
		3F42D21728408B81008AB69F /* G_HoliyayApp.swift in Sources */ = {isa = PBXBuildFile; fileRef = 3F42D21628408B81008AB69F /* G_HoliyayApp.swift */; };
		3F42D21928408B81008AB69F /* ContentView.swift in Sources */ = {isa = PBXBuildFile; fileRef = 3F42D21828408B81008AB69F /* ContentView.swift */; };
		3F42D21B28408B83008AB69F /* Assets.xcassets in Resources */ = {isa = PBXBuildFile; fileRef = 3F42D21A28408B83008AB69F /* Assets.xcassets */; };
		3F42D21E28408B83008AB69F /* Preview Assets.xcassets in Resources */ = {isa = PBXBuildFile; fileRef = 3F42D21D28408B83008AB69F /* Preview Assets.xcassets */; };
		3F42D22828408B83008AB69F /* G_HoliyayTests.swift in Sources */ = {isa = PBXBuildFile; fileRef = 3F42D22728408B83008AB69F /* G_HoliyayTests.swift */; };
		3F42D23228408B83008AB69F /* G_HoliyayUITests.swift in Sources */ = {isa = PBXBuildFile; fileRef = 3F42D23128408B83008AB69F /* G_HoliyayUITests.swift */; };
		3F42D23428408B83008AB69F /* G_HoliyayUITestsLaunchTests.swift in Sources */ = {isa = PBXBuildFile; fileRef = 3F42D23328408B83008AB69F /* G_HoliyayUITestsLaunchTests.swift */; };
		3F42D24728409D15008AB69F /* ExploreView.swift in Sources */ = {isa = PBXBuildFile; fileRef = 3F42D24628409D15008AB69F /* ExploreView.swift */; };
		3F42D24A2840A0EE008AB69F /* Bookmarkview.swift in Sources */ = {isa = PBXBuildFile; fileRef = 3F42D2492840A0EE008AB69F /* Bookmarkview.swift */; };
		3F7A515F2848A02C00DB571F /* splashscreen.swift in Sources */ = {isa = PBXBuildFile; fileRef = 3F7A515E2848A02C00DB571F /* splashscreen.swift */; };
		3F7A7EA72840A1D0002D7F3A /* ProfileView.swift in Sources */ = {isa = PBXBuildFile; fileRef = 3F7A7EA62840A1D0002D7F3A /* ProfileView.swift */; };
/* End PBXBuildFile section */

/* Begin PBXContainerItemProxy section */
		3F42D22428408B83008AB69F /* PBXContainerItemProxy */ = {
			isa = PBXContainerItemProxy;
			containerPortal = 3F42D20B28408B81008AB69F /* Project object */;
			proxyType = 1;
			remoteGlobalIDString = 3F42D21228408B81008AB69F;
			remoteInfo = "G-Holiyay";
		};
		3F42D22E28408B83008AB69F /* PBXContainerItemProxy */ = {
			isa = PBXContainerItemProxy;
			containerPortal = 3F42D20B28408B81008AB69F /* Project object */;
			proxyType = 1;
			remoteGlobalIDString = 3F42D21228408B81008AB69F;
			remoteInfo = "G-Holiyay";
		};
/* End PBXContainerItemProxy section */

/* Begin PBXFileReference section */
		3F42D21328408B81008AB69F /* G-Holiyay.app */ = {isa = PBXFileReference; explicitFileType = wrapper.application; includeInIndex = 0; path = "G-Holiyay.app"; sourceTree = BUILT_PRODUCTS_DIR; };
		3F42D21628408B81008AB69F /* G_HoliyayApp.swift */ = {isa = PBXFileReference; lastKnownFileType = sourcecode.swift; path = G_HoliyayApp.swift; sourceTree = "<group>"; };
		3F42D21828408B81008AB69F /* ContentView.swift */ = {isa = PBXFileReference; lastKnownFileType = sourcecode.swift; path = ContentView.swift; sourceTree = "<group>"; };
		3F42D21A28408B83008AB69F /* Assets.xcassets */ = {isa = PBXFileReference; lastKnownFileType = folder.assetcatalog; path = Assets.xcassets; sourceTree = "<group>"; };
		3F42D21D28408B83008AB69F /* Preview Assets.xcassets */ = {isa = PBXFileReference; lastKnownFileType = folder.assetcatalog; path = "Preview Assets.xcassets"; sourceTree = "<group>"; };
		3F42D22328408B83008AB69F /* G-HoliyayTests.xctest */ = {isa = PBXFileReference; explicitFileType = wrapper.cfbundle; includeInIndex = 0; path = "G-HoliyayTests.xctest"; sourceTree = BUILT_PRODUCTS_DIR; };
		3F42D22728408B83008AB69F /* G_HoliyayTests.swift */ = {isa = PBXFileReference; lastKnownFileType = sourcecode.swift; path = G_HoliyayTests.swift; sourceTree = "<group>"; };
		3F42D22D28408B83008AB69F /* G-HoliyayUITests.xctest */ = {isa = PBXFileReference; explicitFileType = wrapper.cfbundle; includeInIndex = 0; path = "G-HoliyayUITests.xctest"; sourceTree = BUILT_PRODUCTS_DIR; };
		3F42D23128408B83008AB69F /* G_HoliyayUITests.swift */ = {isa = PBXFileReference; lastKnownFileType = sourcecode.swift; path = G_HoliyayUITests.swift; sourceTree = "<group>"; };
		3F42D23328408B83008AB69F /* G_HoliyayUITestsLaunchTests.swift */ = {isa = PBXFileReference; lastKnownFileType = sourcecode.swift; path = G_HoliyayUITestsLaunchTests.swift; sourceTree = "<group>"; };
		3F42D24628409D15008AB69F /* ExploreView.swift */ = {isa = PBXFileReference; lastKnownFileType = sourcecode.swift; path = ExploreView.swift; sourceTree = "<group>"; };
		3F42D2492840A0EE008AB69F /* Bookmarkview.swift */ = {isa = PBXFileReference; lastKnownFileType = sourcecode.swift; path = Bookmarkview.swift; sourceTree = "<group>"; };
		3F7A515E2848A02C00DB571F /* splashscreen.swift */ = {isa = PBXFileReference; lastKnownFileType = sourcecode.swift; path = splashscreen.swift; sourceTree = "<group>"; };
		3F7A7EA62840A1D0002D7F3A /* ProfileView.swift */ = {isa = PBXFileReference; lastKnownFileType = sourcecode.swift; path = ProfileView.swift; sourceTree = "<group>"; };
/* End PBXFileReference section */

/* Begin PBXFrameworksBuildPhase section */
		3F42D21028408B81008AB69F /* Frameworks */ = {
			isa = PBXFrameworksBuildPhase;
			buildActionMask = 2147483647;
			files = (
			);
			runOnlyForDeploymentPostprocessing = 0;
		};
		3F42D22028408B83008AB69F /* Frameworks */ = {
			isa = PBXFrameworksBuildPhase;
			buildActionMask = 2147483647;
			files = (
			);
			runOnlyForDeploymentPostprocessing = 0;
		};
		3F42D22A28408B83008AB69F /* Frameworks */ = {
			isa = PBXFrameworksBuildPhase;
			buildActionMask = 2147483647;
			files = (
			);
			runOnlyForDeploymentPostprocessing = 0;
		};
/* End PBXFrameworksBuildPhase section */

/* Begin PBXGroup section */
		3F42D20A28408B81008AB69F = {
			isa = PBXGroup;
			children = (
				3F42D21528408B81008AB69F /* G-Holiyay */,
				3F42D22628408B83008AB69F /* G-HoliyayTests */,
				3F42D23028408B83008AB69F /* G-HoliyayUITests */,
				3F42D21428408B81008AB69F /* Products */,
			);
			sourceTree = "<group>";
		};
		3F42D21428408B81008AB69F /* Products */ = {
			isa = PBXGroup;
			children = (
				3F42D21328408B81008AB69F /* G-Holiyay.app */,
				3F42D22328408B83008AB69F /* G-HoliyayTests.xctest */,
				3F42D22D28408B83008AB69F /* G-HoliyayUITests.xctest */,
			);
			name = Products;
			sourceTree = "<group>";
		};
		3F42D21528408B81008AB69F /* G-Holiyay */ = {
			isa = PBXGroup;
			children = (
				3F42D21628408B81008AB69F /* G_HoliyayApp.swift */,
				3F42D240284098FE008AB69F /* Views */,
				3F42D21A28408B83008AB69F /* Assets.xcassets */,
				3F42D21C28408B83008AB69F /* Preview Content */,
			);
			path = "G-Holiyay";
			sourceTree = "<group>";
		};
		3F42D21C28408B83008AB69F /* Preview Content */ = {
			isa = PBXGroup;
			children = (
				3F42D21D28408B83008AB69F /* Preview Assets.xcassets */,
			);
			path = "Preview Content";
			sourceTree = "<group>";
		};
		3F42D22628408B83008AB69F /* G-HoliyayTests */ = {
			isa = PBXGroup;
			children = (
				3F42D22728408B83008AB69F /* G_HoliyayTests.swift */,
			);
			path = "G-HoliyayTests";
			sourceTree = "<group>";
		};
		3F42D23028408B83008AB69F /* G-HoliyayUITests */ = {
			isa = PBXGroup;
			children = (
				3F42D23128408B83008AB69F /* G_HoliyayUITests.swift */,
				3F42D23328408B83008AB69F /* G_HoliyayUITestsLaunchTests.swift */,
			);
			path = "G-HoliyayUITests";
			sourceTree = "<group>";
		};
		3F42D240284098FE008AB69F /* Views */ = {
			isa = PBXGroup;
			children = (
				3F7A515D2848A01300DB571F /* Splashscreen */,
				3F7A7EA52840A1BC002D7F3A /* Profile */,
				3F42D2482840A0BF008AB69F /* Bookmark */,
				3F42D24528409CDC008AB69F /* Explore */,
				3F42D21828408B81008AB69F /* ContentView.swift */,
			);
			path = Views;
			sourceTree = "<group>";
		};
		3F42D24528409CDC008AB69F /* Explore */ = {
			isa = PBXGroup;
			children = (
				3F42D24628409D15008AB69F /* ExploreView.swift */,
			);
			path = Explore;
			sourceTree = "<group>";
		};
		3F42D2482840A0BF008AB69F /* Bookmark */ = {
			isa = PBXGroup;
			children = (
				3F42D2492840A0EE008AB69F /* Bookmarkview.swift */,
			);
			path = Bookmark;
			sourceTree = "<group>";
		};
		3F7A515D2848A01300DB571F /* Splashscreen */ = {
			isa = PBXGroup;
			children = (
				3F7A515E2848A02C00DB571F /* splashscreen.swift */,
			);
			path = Splashscreen;
			sourceTree = "<group>";
		};
		3F7A7EA52840A1BC002D7F3A /* Profile */ = {
			isa = PBXGroup;
			children = (
				3F7A7EA62840A1D0002D7F3A /* ProfileView.swift */,
			);
			path = Profile;
			sourceTree = "<group>";
		};
/* End PBXGroup section */

/* Begin PBXNativeTarget section */
		3F42D21228408B81008AB69F /* G-Holiyay */ = {
			isa = PBXNativeTarget;
			buildConfigurationList = 3F42D23728408B83008AB69F /* Build configuration list for PBXNativeTarget "G-Holiyay" */;
			buildPhases = (
				3F42D20F28408B81008AB69F /* Sources */,
				3F42D21028408B81008AB69F /* Frameworks */,
				3F42D21128408B81008AB69F /* Resources */,
			);
			buildRules = (
			);
			dependencies = (
			);
			name = "G-Holiyay";
			productName = "G-Holiyay";
			productReference = 3F42D21328408B81008AB69F /* G-Holiyay.app */;
			productType = "com.apple.product-type.application";
		};
		3F42D22228408B83008AB69F /* G-HoliyayTests */ = {
			isa = PBXNativeTarget;
			buildConfigurationList = 3F42D23A28408B83008AB69F /* Build configuration list for PBXNativeTarget "G-HoliyayTests" */;
			buildPhases = (
				3F42D21F28408B83008AB69F /* Sources */,
				3F42D22028408B83008AB69F /* Frameworks */,
				3F42D22128408B83008AB69F /* Resources */,
			);
			buildRules = (
			);
			dependencies = (
				3F42D22528408B83008AB69F /* PBXTargetDependency */,
			);
			name = "G-HoliyayTests";
			productName = "G-HoliyayTests";
			productReference = 3F42D22328408B83008AB69F /* G-HoliyayTests.xctest */;
			productType = "com.apple.product-type.bundle.unit-test";
		};
		3F42D22C28408B83008AB69F /* G-HoliyayUITests */ = {
			isa = PBXNativeTarget;
			buildConfigurationList = 3F42D23D28408B83008AB69F /* Build configuration list for PBXNativeTarget "G-HoliyayUITests" */;
			buildPhases = (
				3F42D22928408B83008AB69F /* Sources */,
				3F42D22A28408B83008AB69F /* Frameworks */,
				3F42D22B28408B83008AB69F /* Resources */,
			);
			buildRules = (
			);
			dependencies = (
				3F42D22F28408B83008AB69F /* PBXTargetDependency */,
			);
			name = "G-HoliyayUITests";
			productName = "G-HoliyayUITests";
			productReference = 3F42D22D28408B83008AB69F /* G-HoliyayUITests.xctest */;
			productType = "com.apple.product-type.bundle.ui-testing";
		};
/* End PBXNativeTarget section */

/* Begin PBXProject section */
		3F42D20B28408B81008AB69F /* Project object */ = {
			isa = PBXProject;
			attributes = {
				BuildIndependentTargetsInParallel = 1;
				LastSwiftUpdateCheck = 1330;
				LastUpgradeCheck = 1330;
				TargetAttributes = {
					3F42D21228408B81008AB69F = {
						CreatedOnToolsVersion = 13.3.1;
					};
					3F42D22228408B83008AB69F = {
						CreatedOnToolsVersion = 13.3.1;
						TestTargetID = 3F42D21228408B81008AB69F;
					};
					3F42D22C28408B83008AB69F = {
						CreatedOnToolsVersion = 13.3.1;
						TestTargetID = 3F42D21228408B81008AB69F;
					};
				};
			};
			buildConfigurationList = 3F42D20E28408B81008AB69F /* Build configuration list for PBXProject "G-Holiyay" */;
			compatibilityVersion = "Xcode 13.0";
			developmentRegion = en;
			hasScannedForEncodings = 0;
			knownRegions = (
				en,
				Base,
			);
			mainGroup = 3F42D20A28408B81008AB69F;
			productRefGroup = 3F42D21428408B81008AB69F /* Products */;
			projectDirPath = "";
			projectRoot = "";
			targets = (
				3F42D21228408B81008AB69F /* G-Holiyay */,
				3F42D22228408B83008AB69F /* G-HoliyayTests */,
				3F42D22C28408B83008AB69F /* G-HoliyayUITests */,
			);
		};
/* End PBXProject section */

/* Begin PBXResourcesBuildPhase section */
		3F42D21128408B81008AB69F /* Resources */ = {
			isa = PBXResourcesBuildPhase;
			buildActionMask = 2147483647;
			files = (
				3F42D21E28408B83008AB69F /* Preview Assets.xcassets in Resources */,
				3F42D21B28408B83008AB69F /* Assets.xcassets in Resources */,
			);
			runOnlyForDeploymentPostprocessing = 0;
		};
		3F42D22128408B83008AB69F /* Resources */ = {
			isa = PBXResourcesBuildPhase;
			buildActionMask = 2147483647;
			files = (
			);
			runOnlyForDeploymentPostprocessing = 0;
		};
		3F42D22B28408B83008AB69F /* Resources */ = {
			isa = PBXResourcesBuildPhase;
			buildActionMask = 2147483647;
			files = (
			);
			runOnlyForDeploymentPostprocessing = 0;
		};
/* End PBXResourcesBuildPhase section */

/* Begin PBXSourcesBuildPhase section */
		3F42D20F28408B81008AB69F /* Sources */ = {
			isa = PBXSourcesBuildPhase;
			buildActionMask = 2147483647;
			files = (
				3F42D21928408B81008AB69F /* ContentView.swift in Sources */,
				3F7A7EA72840A1D0002D7F3A /* ProfileView.swift in Sources */,
				3F7A515F2848A02C00DB571F /* splashscreen.swift in Sources */,
				3F42D24728409D15008AB69F /* ExploreView.swift in Sources */,
				3F42D24A2840A0EE008AB69F /* Bookmarkview.swift in Sources */,
				3F42D21728408B81008AB69F /* G_HoliyayApp.swift in Sources */,
			);
			runOnlyForDeploymentPostprocessing = 0;
		};
		3F42D21F28408B83008AB69F /* Sources */ = {
			isa = PBXSourcesBuildPhase;
			buildActionMask = 2147483647;
			files = (
				3F42D22828408B83008AB69F /* G_HoliyayTests.swift in Sources */,
			);
			runOnlyForDeploymentPostprocessing = 0;
		};
		3F42D22928408B83008AB69F /* Sources */ = {
			isa = PBXSourcesBuildPhase;
			buildActionMask = 2147483647;
			files = (
				3F42D23428408B83008AB69F /* G_HoliyayUITestsLaunchTests.swift in Sources */,
				3F42D23228408B83008AB69F /* G_HoliyayUITests.swift in Sources */,
			);
			runOnlyForDeploymentPostprocessing = 0;
		};
/* End PBXSourcesBuildPhase section */

/* Begin PBXTargetDependency section */
		3F42D22528408B83008AB69F /* PBXTargetDependency */ = {
			isa = PBXTargetDependency;
			target = 3F42D21228408B81008AB69F /* G-Holiyay */;
			targetProxy = 3F42D22428408B83008AB69F /* PBXContainerItemProxy */;
		};
		3F42D22F28408B83008AB69F /* PBXTargetDependency */ = {
			isa = PBXTargetDependency;
			target = 3F42D21228408B81008AB69F /* G-Holiyay */;
			targetProxy = 3F42D22E28408B83008AB69F /* PBXContainerItemProxy */;
		};
/* End PBXTargetDependency section */

/* Begin XCBuildConfiguration section */
		3F42D23528408B83008AB69F /* Debug */ = {
			isa = XCBuildConfiguration;
			buildSettings = {
				ALWAYS_SEARCH_USER_PATHS = NO;
				CLANG_ANALYZER_NONNULL = YES;
				CLANG_ANALYZER_NUMBER_OBJECT_CONVERSION = YES_AGGRESSIVE;
				CLANG_CXX_LANGUAGE_STANDARD = "gnu++17";
				CLANG_ENABLE_MODULES = YES;
				CLANG_ENABLE_OBJC_ARC = YES;
				CLANG_ENABLE_OBJC_WEAK = YES;
				CLANG_WARN_BLOCK_CAPTURE_AUTORELEASING = YES;
				CLANG_WARN_BOOL_CONVERSION = YES;
				CLANG_WARN_COMMA = YES;
				CLANG_WARN_CONSTANT_CONVERSION = YES;
				CLANG_WARN_DEPRECATED_OBJC_IMPLEMENTATIONS = YES;
				CLANG_WARN_DIRECT_OBJC_ISA_USAGE = YES_ERROR;
				CLANG_WARN_DOCUMENTATION_COMMENTS = YES;
				CLANG_WARN_EMPTY_BODY = YES;
				CLANG_WARN_ENUM_CONVERSION = YES;
				CLANG_WARN_INFINITE_RECURSION = YES;
				CLANG_WARN_INT_CONVERSION = YES;
				CLANG_WARN_NON_LITERAL_NULL_CONVERSION = YES;
				CLANG_WARN_OBJC_IMPLICIT_RETAIN_SELF = YES;
				CLANG_WARN_OBJC_LITERAL_CONVERSION = YES;
				CLANG_WARN_OBJC_ROOT_CLASS = YES_ERROR;
				CLANG_WARN_QUOTED_INCLUDE_IN_FRAMEWORK_HEADER = YES;
				CLANG_WARN_RANGE_LOOP_ANALYSIS = YES;
				CLANG_WARN_STRICT_PROTOTYPES = YES;
				CLANG_WARN_SUSPICIOUS_MOVE = YES;
				CLANG_WARN_UNGUARDED_AVAILABILITY = YES_AGGRESSIVE;
				CLANG_WARN_UNREACHABLE_CODE = YES;
				CLANG_WARN__DUPLICATE_METHOD_MATCH = YES;
				COPY_PHASE_STRIP = NO;
				DEBUG_INFORMATION_FORMAT = dwarf;
				ENABLE_STRICT_OBJC_MSGSEND = YES;
				ENABLE_TESTABILITY = YES;
				GCC_C_LANGUAGE_STANDARD = gnu11;
				GCC_DYNAMIC_NO_PIC = NO;
				GCC_NO_COMMON_BLOCKS = YES;
				GCC_OPTIMIZATION_LEVEL = 0;
				GCC_PREPROCESSOR_DEFINITIONS = (
					"DEBUG=1",
					"$(inherited)",
				);
				GCC_WARN_64_TO_32_BIT_CONVERSION = YES;
				GCC_WARN_ABOUT_RETURN_TYPE = YES_ERROR;
				GCC_WARN_UNDECLARED_SELECTOR = YES;
				GCC_WARN_UNINITIALIZED_AUTOS = YES_AGGRESSIVE;
				GCC_WARN_UNUSED_FUNCTION = YES;
				GCC_WARN_UNUSED_VARIABLE = YES;
				IPHONEOS_DEPLOYMENT_TARGET = 15.4;
				MTL_ENABLE_DEBUG_INFO = INCLUDE_SOURCE;
				MTL_FAST_MATH = YES;
				ONLY_ACTIVE_ARCH = YES;
				SDKROOT = iphoneos;
				SWIFT_ACTIVE_COMPILATION_CONDITIONS = DEBUG;
				SWIFT_OPTIMIZATION_LEVEL = "-Onone";
			};
			name = Debug;
		};
		3F42D23628408B83008AB69F /* Release */ = {
			isa = XCBuildConfiguration;
			buildSettings = {
				ALWAYS_SEARCH_USER_PATHS = NO;
				CLANG_ANALYZER_NONNULL = YES;
				CLANG_ANALYZER_NUMBER_OBJECT_CONVERSION = YES_AGGRESSIVE;
				CLANG_CXX_LANGUAGE_STANDARD = "gnu++17";
				CLANG_ENABLE_MODULES = YES;
				CLANG_ENABLE_OBJC_ARC = YES;
				CLANG_ENABLE_OBJC_WEAK = YES;
				CLANG_WARN_BLOCK_CAPTURE_AUTORELEASING = YES;
				CLANG_WARN_BOOL_CONVERSION = YES;
				CLANG_WARN_COMMA = YES;
				CLANG_WARN_CONSTANT_CONVERSION = YES;
				CLANG_WARN_DEPRECATED_OBJC_IMPLEMENTATIONS = YES;
				CLANG_WARN_DIRECT_OBJC_ISA_USAGE = YES_ERROR;
				CLANG_WARN_DOCUMENTATION_COMMENTS = YES;
				CLANG_WARN_EMPTY_BODY = YES;
				CLANG_WARN_ENUM_CONVERSION = YES;
				CLANG_WARN_INFINITE_RECURSION = YES;
				CLANG_WARN_INT_CONVERSION = YES;
				CLANG_WARN_NON_LITERAL_NULL_CONVERSION = YES;
				CLANG_WARN_OBJC_IMPLICIT_RETAIN_SELF = YES;
				CLANG_WARN_OBJC_LITERAL_CONVERSION = YES;
				CLANG_WARN_OBJC_ROOT_CLASS = YES_ERROR;
				CLANG_WARN_QUOTED_INCLUDE_IN_FRAMEWORK_HEADER = YES;
				CLANG_WARN_RANGE_LOOP_ANALYSIS = YES;
				CLANG_WARN_STRICT_PROTOTYPES = YES;
				CLANG_WARN_SUSPICIOUS_MOVE = YES;
				CLANG_WARN_UNGUARDED_AVAILABILITY = YES_AGGRESSIVE;
				CLANG_WARN_UNREACHABLE_CODE = YES;
				CLANG_WARN__DUPLICATE_METHOD_MATCH = YES;
				COPY_PHASE_STRIP = NO;
				DEBUG_INFORMATION_FORMAT = "dwarf-with-dsym";
				ENABLE_NS_ASSERTIONS = NO;
				ENABLE_STRICT_OBJC_MSGSEND = YES;
				GCC_C_LANGUAGE_STANDARD = gnu11;
				GCC_NO_COMMON_BLOCKS = YES;
				GCC_WARN_64_TO_32_BIT_CONVERSION = YES;
				GCC_WARN_ABOUT_RETURN_TYPE = YES_ERROR;
				GCC_WARN_UNDECLARED_SELECTOR = YES;
				GCC_WARN_UNINITIALIZED_AUTOS = YES_AGGRESSIVE;
				GCC_WARN_UNUSED_FUNCTION = YES;
				GCC_WARN_UNUSED_VARIABLE = YES;
				IPHONEOS_DEPLOYMENT_TARGET = 15.4;
				MTL_ENABLE_DEBUG_INFO = NO;
				MTL_FAST_MATH = YES;
				SDKROOT = iphoneos;
				SWIFT_COMPILATION_MODE = wholemodule;
				SWIFT_OPTIMIZATION_LEVEL = "-O";
				VALIDATE_PRODUCT = YES;
			};
			name = Release;
		};
		3F42D23828408B83008AB69F /* Debug */ = {
			isa = XCBuildConfiguration;
			buildSettings = {
				ASSETCATALOG_COMPILER_APPICON_NAME = AppIcon;
				ASSETCATALOG_COMPILER_GLOBAL_ACCENT_COLOR_NAME = AccentColor;
				CODE_SIGN_STYLE = Automatic;
				CURRENT_PROJECT_VERSION = 1;
				DEVELOPMENT_ASSET_PATHS = "\"G-Holiyay/Preview Content\"";
				ENABLE_PREVIEWS = YES;
				GENERATE_INFOPLIST_FILE = YES;
				INFOPLIST_KEY_UIApplicationSceneManifest_Generation = YES;
				INFOPLIST_KEY_UIApplicationSupportsIndirectInputEvents = YES;
				INFOPLIST_KEY_UILaunchScreen_Generation = YES;
				INFOPLIST_KEY_UISupportedInterfaceOrientations_iPad = "UIInterfaceOrientationPortrait UIInterfaceOrientationPortraitUpsideDown UIInterfaceOrientationLandscapeLeft UIInterfaceOrientationLandscapeRight";
				INFOPLIST_KEY_UISupportedInterfaceOrientations_iPhone = "UIInterfaceOrientationPortrait UIInterfaceOrientationLandscapeLeft UIInterfaceOrientationLandscapeRight";
				LD_RUNPATH_SEARCH_PATHS = (
					"$(inherited)",
					"@executable_path/Frameworks",
				);
				MARKETING_VERSION = 1.0;
				PRODUCT_BUNDLE_IDENTIFIER = "HGRK.G-Holiyay";
				PRODUCT_NAME = "$(TARGET_NAME)";
				SWIFT_EMIT_LOC_STRINGS = YES;
				SWIFT_VERSION = 5.0;
				TARGETED_DEVICE_FAMILY = "1,2";
			};
			name = Debug;
		};
		3F42D23928408B83008AB69F /* Release */ = {
			isa = XCBuildConfiguration;
			buildSettings = {
				ASSETCATALOG_COMPILER_APPICON_NAME = AppIcon;
				ASSETCATALOG_COMPILER_GLOBAL_ACCENT_COLOR_NAME = AccentColor;
				CODE_SIGN_STYLE = Automatic;
				CURRENT_PROJECT_VERSION = 1;
				DEVELOPMENT_ASSET_PATHS = "\"G-Holiyay/Preview Content\"";
				ENABLE_PREVIEWS = YES;
				GENERATE_INFOPLIST_FILE = YES;
				INFOPLIST_KEY_UIApplicationSceneManifest_Generation = YES;
				INFOPLIST_KEY_UIApplicationSupportsIndirectInputEvents = YES;
				INFOPLIST_KEY_UILaunchScreen_Generation = YES;
				INFOPLIST_KEY_UISupportedInterfaceOrientations_iPad = "UIInterfaceOrientationPortrait UIInterfaceOrientationPortraitUpsideDown UIInterfaceOrientationLandscapeLeft UIInterfaceOrientationLandscapeRight";
				INFOPLIST_KEY_UISupportedInterfaceOrientations_iPhone = "UIInterfaceOrientationPortrait UIInterfaceOrientationLandscapeLeft UIInterfaceOrientationLandscapeRight";
				LD_RUNPATH_SEARCH_PATHS = (
					"$(inherited)",
					"@executable_path/Frameworks",
				);
				MARKETING_VERSION = 1.0;
				PRODUCT_BUNDLE_IDENTIFIER = "HGRK.G-Holiyay";
				PRODUCT_NAME = "$(TARGET_NAME)";
				SWIFT_EMIT_LOC_STRINGS = YES;
				SWIFT_VERSION = 5.0;
				TARGETED_DEVICE_FAMILY = "1,2";
			};
			name = Release;
		};
		3F42D23B28408B83008AB69F /* Debug */ = {
			isa = XCBuildConfiguration;
			buildSettings = {
				ALWAYS_EMBED_SWIFT_STANDARD_LIBRARIES = YES;
				BUNDLE_LOADER = "$(TEST_HOST)";
				CODE_SIGN_STYLE = Automatic;
				CURRENT_PROJECT_VERSION = 1;
				GENERATE_INFOPLIST_FILE = YES;
				IPHONEOS_DEPLOYMENT_TARGET = 15.4;
				MARKETING_VERSION = 1.0;
				PRODUCT_BUNDLE_IDENTIFIER = "HGRK.G-HoliyayTests";
				PRODUCT_NAME = "$(TARGET_NAME)";
				SWIFT_EMIT_LOC_STRINGS = NO;
				SWIFT_VERSION = 5.0;
				TARGETED_DEVICE_FAMILY = "1,2";
				TEST_HOST = "$(BUILT_PRODUCTS_DIR)/G-Holiyay.app/G-Holiyay";
			};
			name = Debug;
		};
		3F42D23C28408B83008AB69F /* Release */ = {
			isa = XCBuildConfiguration;
			buildSettings = {
				ALWAYS_EMBED_SWIFT_STANDARD_LIBRARIES = YES;
				BUNDLE_LOADER = "$(TEST_HOST)";
				CODE_SIGN_STYLE = Automatic;
				CURRENT_PROJECT_VERSION = 1;
				GENERATE_INFOPLIST_FILE = YES;
				IPHONEOS_DEPLOYMENT_TARGET = 15.4;
				MARKETING_VERSION = 1.0;
				PRODUCT_BUNDLE_IDENTIFIER = "HGRK.G-HoliyayTests";
				PRODUCT_NAME = "$(TARGET_NAME)";
				SWIFT_EMIT_LOC_STRINGS = NO;
				SWIFT_VERSION = 5.0;
				TARGETED_DEVICE_FAMILY = "1,2";
				TEST_HOST = "$(BUILT_PRODUCTS_DIR)/G-Holiyay.app/G-Holiyay";
			};
			name = Release;
		};
		3F42D23E28408B83008AB69F /* Debug */ = {
			isa = XCBuildConfiguration;
			buildSettings = {
				ALWAYS_EMBED_SWIFT_STANDARD_LIBRARIES = YES;
				CODE_SIGN_STYLE = Automatic;
				CURRENT_PROJECT_VERSION = 1;
				GENERATE_INFOPLIST_FILE = YES;
				MARKETING_VERSION = 1.0;
				PRODUCT_BUNDLE_IDENTIFIER = "HGRK.G-HoliyayUITests";
				PRODUCT_NAME = "$(TARGET_NAME)";
				SWIFT_EMIT_LOC_STRINGS = NO;
				SWIFT_VERSION = 5.0;
				TARGETED_DEVICE_FAMILY = "1,2";
				TEST_TARGET_NAME = "G-Holiyay";
			};
			name = Debug;
		};
		3F42D23F28408B83008AB69F /* Release */ = {
			isa = XCBuildConfiguration;
			buildSettings = {
				ALWAYS_EMBED_SWIFT_STANDARD_LIBRARIES = YES;
				CODE_SIGN_STYLE = Automatic;
				CURRENT_PROJECT_VERSION = 1;
				GENERATE_INFOPLIST_FILE = YES;
				MARKETING_VERSION = 1.0;
				PRODUCT_BUNDLE_IDENTIFIER = "HGRK.G-HoliyayUITests";
				PRODUCT_NAME = "$(TARGET_NAME)";
				SWIFT_EMIT_LOC_STRINGS = NO;
				SWIFT_VERSION = 5.0;
				TARGETED_DEVICE_FAMILY = "1,2";
				TEST_TARGET_NAME = "G-Holiyay";
			};
			name = Release;
		};
/* End XCBuildConfiguration section */

/* Begin XCConfigurationList section */
		3F42D20E28408B81008AB69F /* Build configuration list for PBXProject "G-Holiyay" */ = {
			isa = XCConfigurationList;
			buildConfigurations = (
				3F42D23528408B83008AB69F /* Debug */,
				3F42D23628408B83008AB69F /* Release */,
			);
			defaultConfigurationIsVisible = 0;
			defaultConfigurationName = Release;
		};
		3F42D23728408B83008AB69F /* Build configuration list for PBXNativeTarget "G-Holiyay" */ = {
			isa = XCConfigurationList;
			buildConfigurations = (
				3F42D23828408B83008AB69F /* Debug */,
				3F42D23928408B83008AB69F /* Release */,
			);
			defaultConfigurationIsVisible = 0;
			defaultConfigurationName = Release;
		};
		3F42D23A28408B83008AB69F /* Build configuration list for PBXNativeTarget "G-HoliyayTests" */ = {
			isa = XCConfigurationList;
			buildConfigurations = (
				3F42D23B28408B83008AB69F /* Debug */,
				3F42D23C28408B83008AB69F /* Release */,
			);
			defaultConfigurationIsVisible = 0;
			defaultConfigurationName = Release;
		};
		3F42D23D28408B83008AB69F /* Build configuration list for PBXNativeTarget "G-HoliyayUITests" */ = {
			isa = XCConfigurationList;
			buildConfigurations = (
				3F42D23E28408B83008AB69F /* Debug */,
				3F42D23F28408B83008AB69F /* Release */,
			);
			defaultConfigurationIsVisible = 0;
			defaultConfigurationName = Release;
		};
/* End XCConfigurationList section */
	};
	rootObject = 3F42D20B28408B81008AB69F /* Project object */;
}
